
Microsoft Visual Studio Solution File, Format Version 12.00
# Visual Studio 15
VisualStudioVersion = 15.0.26403.7
MinimumVisualStudioVersion = 10.0.40219.1
Project("{2150E333-8FDC-42A3-9474-1A3956D46DE8}") = "Solution Items", "Solution Items", "{DAE07580-F3E7-4562-A75D-F0C77A94AA8A}"
	ProjectSection(SolutionItems) = preProject
		..\.gitignore = ..\.gitignore
		..\README.md = ..\README.md
	EndProjectSection
EndProject
Project("{FAE04EC0-301F-11D3-BF4B-00C04F79EFBC}") = "Scope", "Scope\Scope.csproj", "{93ACF2CD-7F03-469C-96A6-54FD8ECF1D86}"
EndProject
Project("{FAE04EC0-301F-11D3-BF4B-00C04F79EFBC}") = "Scope.Library", "Scope.Library\Scope.Library.csproj", "{EE6BF254-F2E5-4CA2-AAFE-21166ED68249}"
EndProject
Project("{9A19103F-16F7-4668-BE54-9A1E7A4F7556}") = "Scope.Lambda", "Scope.Lambda\Scope.Lambda.csproj", "{F9336443-3EAA-40D9-8E2F-5219105F04D8}"
EndProject
Global
	GlobalSection(SolutionConfigurationPlatforms) = preSolution
		Debug|Any CPU = Debug|Any CPU
		Release|Any CPU = Release|Any CPU
	EndGlobalSection
	GlobalSection(ProjectConfigurationPlatforms) = postSolution
		{93ACF2CD-7F03-469C-96A6-54FD8ECF1D86}.Debug|Any CPU.ActiveCfg = Debug|Any CPU
		{93ACF2CD-7F03-469C-96A6-54FD8ECF1D86}.Debug|Any CPU.Build.0 = Debug|Any CPU
		{93ACF2CD-7F03-469C-96A6-54FD8ECF1D86}.Release|Any CPU.ActiveCfg = Release|Any CPU
		{93ACF2CD-7F03-469C-96A6-54FD8ECF1D86}.Release|Any CPU.Build.0 = Release|Any CPU
		{EE6BF254-F2E5-4CA2-AAFE-21166ED68249}.Debug|Any CPU.ActiveCfg = Debug|Any CPU
		{EE6BF254-F2E5-4CA2-AAFE-21166ED68249}.Debug|Any CPU.Build.0 = Debug|Any CPU
		{EE6BF254-F2E5-4CA2-AAFE-21166ED68249}.Release|Any CPU.ActiveCfg = Release|Any CPU
		{EE6BF254-F2E5-4CA2-AAFE-21166ED68249}.Release|Any CPU.Build.0 = Release|Any CPU
		{F9336443-3EAA-40D9-8E2F-5219105F04D8}.Debug|Any CPU.ActiveCfg = Debug|Any CPU
		{F9336443-3EAA-40D9-8E2F-5219105F04D8}.Debug|Any CPU.Build.0 = Debug|Any CPU
		{F9336443-3EAA-40D9-8E2F-5219105F04D8}.Release|Any CPU.ActiveCfg = Release|Any CPU
		{F9336443-3EAA-40D9-8E2F-5219105F04D8}.Release|Any CPU.Build.0 = Release|Any CPU
	EndGlobalSection
	GlobalSection(SolutionProperties) = preSolution
		HideSolutionNode = FALSE
	EndGlobalSection
EndGlobal
